{
  "version": 4,
  "terraform_version": "1.14.9",
  "serial": 21,
  "lineage": "6202a8e6-8edb-fdd4-093d-b528d118c704",
  "outputs": {},
  "resources": [
    {
      "mode": "managed",
      "type": "yandex_vpc_network",
      "name": "default",
      "provider": "provider[\"registry.terraform.io/yandex-cloud/yandex\"]",
      "instances": [
        {
          "schema_version": 0,
          "attributes": {
            "created_at": "2026-04-29T06:38:24Z",
            "default_security_group_id": "enpa3gr7mh6je5hsnu5j",
            "description": "",
            "folder_id": "b1gtcp20hnt7ga74s6vh",
            "id": "enp6bg7cean2981182fk",
            "labels": {},
            "name": "lab-network",
            "subnet_ids": [],
            "timeouts": null
          },
          "sensitive_attributes": [],
          "identity_schema_version": 0,
          "private": "eyJlMmJmYjczMC1lY2FhLTExZTYtOGY4OC0zNDM2M2JjN2M0YzAiOnsiY3JlYXRlIjo2MDAwMDAwMDAwMCwiZGVsZXRlIjo2MDAwMDAwMDAwMCwidXBkYXRlIjo2MDAwMDAwMDAwMH19"
        }
      ]
    },
    {
      "mode": "managed",
      "type": "yandex_vpc_subnet",
      "name": "default",
      "provider": "provider[\"registry.terraform.io/yandex-cloud/yandex\"]",
      "instances": [
        {
          "schema_version": 0,
          "attributes": {
            "created_at": "2026-04-29T06:38:27Z",
            "description": "",
            "dhcp_options": [],
            "folder_id": "b1gtcp20hnt7ga74s6vh",
            "id": "e9be8htifa05gjeekba1",
            "labels": {},
            "name": "lab-subnet-a",
            "network_id": "enp6bg7cean2981182fk",
            "route_table_id": "",
            "timeouts": null,
            "v4_cidr_blocks": [
              "10.10.0.0/24"
            ],
            "v6_cidr_blocks": [],
            "zone": "ru-central1-a"
          },
          "sensitive_attributes": [],
          "identity_schema_version": 0,
          "private": "eyJlMmJmYjczMC1lY2FhLTExZTYtOGY4OC0zNDM2M2JjN2M0YzAiOnsiY3JlYXRlIjoxODAwMDAwMDAwMDAsImRlbGV0ZSI6MTgwMDAwMDAwMDAwLCJ1cGRhdGUiOjE4MDAwMDAwMDAwMH19",
          "dependencies": [
            "yandex_vpc_network.default"
          ]
        }
      ]
    },
    {
      "module": "module.my_first_vm",
      "mode": "managed",
      "type": "yandex_compute_instance",
      "name": "vm",
      "provider": "provider[\"registry.terraform.io/yandex-cloud/yandex\"]",
      "instances": [
        {
          "schema_version": 1,
          "attributes": {
            "allow_recreate": null,
            "allow_stopping_for_update": null,
            "boot_disk": [
              {
                "auto_delete": true,
                "device_name": "fhmp31sordcsr05vtjm8",
                "disk_id": "fhmp31sordcsr05vtjm8",
                "initialize_params": [
                  {
                    "block_size": 4096,
                    "description": "",
                    "image_id": "fd827b91d99psvq5fjit",
                    "kms_key_id": "",
                    "name": "",
                    "size": 20,
                    "snapshot_id": "",
                    "type": "network-hdd"
                  }
                ],
                "mode": "READ_WRITE"
              }
            ],
            "created_at": "2026-04-29T06:38:29Z",
            "description": "",
            "filesystem": [],
            "folder_id": "b1gtcp20hnt7ga74s6vh",
            "fqdn": "fhms2ua1a5blt1dbaciv.auto.internal",
            "gpu_cluster_id": "",
            "hardware_generation": [
              {
                "generation2_features": [],
                "legacy_features": [
                  {
                    "pci_topology": "PCI_TOPOLOGY_V1"
                  }
                ]
              }
            ],
            "hostname": "",
            "id": "fhms2ua1a5blt1dbaciv",
            "labels": null,
            "local_disk": [],
            "maintenance_grace_period": "",
            "maintenance_policy": null,
            "metadata": {
              "ssh-keys": "ubuntu:ssh-rsa AAAAB3NzaC1yc2EAAAADAQABAAABgQCJTI+xsGzI9pRJzh+eYoOsj5Chb2DGJAVMOAnCbaScflVir4h8RfrPlcdT70Zd4x4ed1qBQuQO58lhaG9DWFZ4LLIT5WCkWW/EXnaYaJ/y93jl+1jAj2XYldfcGSH1lWEJOyBpnMZ6TjS3/X87BrXQQvCiZjtU+azHY0JDZdlj4uDLEwJyCeKf6u2TQBLdhtBGDpZvY+vAjr7B3w3WiFIauQgyEPKDY/wpIjT8MmbS8YrM4ocb29ZIqiPyIvmgDfScVQEKaByPY/NovH6AxF1KbCcBES2K0MHDXfcREvXXUfFyvZaEbgOjxCKZtO+NcmzxW/rnuRvw2ylltd0983SzOxDVQD0QMB06FaVwkq8OJfnSFaj1bIlOkgHzZa2HKPe7iTGiFq4k5/tQ644aUiJGbDjFDyH8ymuCzQK+fpRIn0ZOR9sRe0teY6MhETZnmUwl3uTnZlhOXMAR4rgqBkXhINz8pTmywBakEgP3yd5Hf4HXNdUCHuKISZzpKORlqRU= vladimir@Kubuntu24\n"
            },
            "metadata_options": [
              {
                "aws_v1_http_endpoint": 1,
                "aws_v1_http_token": 2,
                "gce_http_endpoint": 1,
                "gce_http_token": 1
              }
            ],
            "name": "web-server-1",
            "network_acceleration_type": "standard",
            "network_interface": [
              {
                "dns_record": [],
                "index": 0,
                "ip_address": "10.10.0.16",
                "ipv4": true,
                "ipv6": false,
                "ipv6_address": "",
                "ipv6_dns_record": [],
                "mac_address": "d0:0d:1c:17:94:15",
                "nat": true,
                "nat_dns_record": [],
                "nat_ip_address": "111.88.253.68",
                "nat_ip_version": "IPV4",
                "security_group_ids": null,
                "subnet_id": "e9be8htifa05gjeekba1"
              }
            ],
            "placement_policy": [
              {
                "host_affinity_rules": [],
                "placement_group_id": "",
                "placement_group_partition": 0
              }
            ],
            "platform_id": "standard-v1",
            "resources": [
              {
                "core_fraction": 100,
                "cores": 2,
                "gpus": 0,
                "memory": 2
              }
            ],
            "scheduling_policy": [
              {
                "preemptible": false
              }
            ],
            "secondary_disk": [],
            "service_account_id": "",
            "status": "running",
            "timeouts": null,
            "zone": "ru-central1-a"
          },
          "sensitive_attributes": [],
          "identity_schema_version": 0,
          "private": "eyJlMmJmYjczMC1lY2FhLTExZTYtOGY4OC0zNDM2M2JjN2M0YzAiOnsiY3JlYXRlIjozMDAwMDAwMDAwMDAsImRlbGV0ZSI6MzAwMDAwMDAwMDAwLCJ1cGRhdGUiOjMwMDAwMDAwMDAwMH0sInNjaGVtYV92ZXJzaW9uIjoiMSJ9",
          "dependencies": [
            "yandex_vpc_network.default",
            "yandex_vpc_subnet.default"
          ]
        }
      ]
    }
  ],
  "check_results": null
}
